// !$*UTF8*$!
{
	archiveVersion = 1;
	classes = {
	};
	objectVersion = 48;
	objects = {

/* Begin PBXBuildFile section */
		C832F44E20EA2B3F003229D4 /* AppDelegate.swift in Sources */ = {isa = PBXBuildFile; fileRef = C832F44D20EA2B3F003229D4 /* AppDelegate.swift */; };
		C832F45020EA2B3F003229D4 /* ViewController.swift in Sources */ = {isa = PBXBuildFile; fileRef = C832F44F20EA2B3F003229D4 /* ViewController.swift */; };
		C832F45320EA2B3F003229D4 /* Main.storyboard in Resources */ = {isa = PBXBuildFile; fileRef = C832F45120EA2B3F003229D4 /* Main.storyboard */; };
		C832F45520EA2B3F003229D4 /* Assets.xcassets in Resources */ = {isa = PBXBuildFile; fileRef = C832F45420EA2B3F003229D4 /* Assets.xcassets */; };
		C832F45820EA2B3F003229D4 /* LaunchScreen.storyboard in Resources */ = {isa = PBXBuildFile; fileRef = C832F45620EA2B3F003229D4 /* LaunchScreen.storyboard */; };
		EBED0AF4F067E31416E807FB /* Pods_ExRxSwift.framework in Frameworks */ = {isa = PBXBuildFile; fileRef = 0CE2C930D051520C0789C1F4 /* Pods_ExRxSwift.framework */; };
/* End PBXBuildFile section */

/* Begin PBXFileReference section */
		0CE2C930D051520C0789C1F4 /* Pods_ExRxSwift.framework */ = {isa = PBXFileReference; explicitFileType = wrapper.framework; includeInIndex = 0; path = Pods_ExRxSwift.framework; sourceTree = BUILT_PRODUCTS_DIR; };
		1627C0A29F8CA8307D81DCDD /* Pods-ExRxSwift.debug.xcconfig */ = {isa = PBXFileReference; includeInIndex = 1; lastKnownFileType = text.xcconfig; name = "Pods-ExRxSwift.debug.xcconfig"; path = "Pods/Target Support Files/Pods-ExRxSwift/Pods-ExRxSwift.debug.xcconfig"; sourceTree = "<group>"; };
		65CD589B830D609CD9ADB332 /* Pods-ExRxSwift.release.xcconfig */ = {isa = PBXFileReference; includeInIndex = 1; lastKnownFileType = text.xcconfig; name = "Pods-ExRxSwift.release.xcconfig"; path = "Pods/Target Support Files/Pods-ExRxSwift/Pods-ExRxSwift.release.xcconfig"; sourceTree = "<group>"; };
		C832F44A20EA2B3F003229D4 /* ExRxSwift.app */ = {isa = PBXFileReference; explicitFileType = wrapper.application; includeInIndex = 0; path = ExRxSwift.app; sourceTree = BUILT_PRODUCTS_DIR; };
		C832F44D20EA2B3F003229D4 /* AppDelegate.swift */ = {isa = PBXFileReference; lastKnownFileType = sourcecode.swift; path = AppDelegate.swift; sourceTree = "<group>"; };
		C832F44F20EA2B3F003229D4 /* ViewController.swift */ = {isa = PBXFileReference; lastKnownFileType = sourcecode.swift; path = ViewController.swift; sourceTree = "<group>"; };
		C832F45220EA2B3F003229D4 /* Base */ = {isa = PBXFileReference; lastKnownFileType = file.storyboard; name = Base; path = Base.lproj/Main.storyboard; sourceTree = "<group>"; };
		C832F45420EA2B3F003229D4 /* Assets.xcassets */ = {isa = PBXFileReference; lastKnownFileType = folder.assetcatalog; path = Assets.xcassets; sourceTree = "<group>"; };
		C832F45720EA2B3F003229D4 /* Base */ = {isa = PBXFileReference; lastKnownFileType = file.storyboard; name = Base; path = Base.lproj/LaunchScreen.storyboard; sourceTree = "<group>"; };
		C832F45920EA2B3F003229D4 /* Info.plist */ = {isa = PBXFileReference; lastKnownFileType = text.plist.xml; path = Info.plist; sourceTree = "<group>"; };
/* End PBXFileReference section */

/* Begin PBXFrameworksBuildPhase section */
		C832F44720EA2B3F003229D4 /* Frameworks */ = {
			isa = PBXFrameworksBuildPhase;
			buildActionMask = 2147483647;
			files = (
				EBED0AF4F067E31416E807FB /* Pods_ExRxSwift.framework in Frameworks */,
			);
			runOnlyForDeploymentPostprocessing = 0;
		};
/* End PBXFrameworksBuildPhase section */

/* Begin PBXGroup section */
		526869313C3ACB550B04B289 /* Pods */ = {
			isa = PBXGroup;
			children = (
				1627C0A29F8CA8307D81DCDD /* Pods-ExRxSwift.debug.xcconfig */,
				65CD589B830D609CD9ADB332 /* Pods-ExRxSwift.release.xcconfig */,
			);
			name = Pods;
			sourceTree = "<group>";
		};
		7F38199203FF6D070307A550 /* Frameworks */ = {
			isa = PBXGroup;
			children = (
				0CE2C930D051520C0789C1F4 /* Pods_ExRxSwift.framework */,
			);
			name = Frameworks;
			sourceTree = "<group>";
		};
		C832F44120EA2B3F003229D4 = {
			isa = PBXGroup;
			children = (
				C832F44C20EA2B3F003229D4 /* ExRxSwift */,
				C832F44B20EA2B3F003229D4 /* Products */,
				526869313C3ACB550B04B289 /* Pods */,
				7F38199203FF6D070307A550 /* Frameworks */,
			);
			sourceTree = "<group>";
		};
		C832F44B20EA2B3F003229D4 /* Products */ = {
			isa = PBXGroup;
			children = (
				C832F44A20EA2B3F003229D4 /* ExRxSwift.app */,
			);
			name = Products;
			sourceTree = "<group>";
		};
		C832F44C20EA2B3F003229D4 /* ExRxSwift */ = {
			isa = PBXGroup;
			children = (
				C832F44D20EA2B3F003229D4 /* AppDelegate.swift */,
				C832F44F20EA2B3F003229D4 /* ViewController.swift */,
				C832F45120EA2B3F003229D4 /* Main.storyboard */,
				C832F45420EA2B3F003229D4 /* Assets.xcassets */,
				C832F45620EA2B3F003229D4 /* LaunchScreen.storyboard */,
				C832F45920EA2B3F003229D4 /* Info.plist */,
			);
			path = ExRxSwift;
			sourceTree = "<group>";
		};
/* End PBXGroup section */

/* Begin PBXNativeTarget section */
		C832F44920EA2B3F003229D4 /* ExRxSwift */ = {
			isa = PBXNativeTarget;
			buildConfigurationList = C832F45C20EA2B3F003229D4 /* Build configuration list for PBXNativeTarget "ExRxSwift" */;
			buildPhases = (
				F89F3D056B024F6103DD38A2 /* [CP] Check Pods Manifest.lock */,
				C832F44620EA2B3F003229D4 /* Sources */,
				C832F44720EA2B3F003229D4 /* Frameworks */,
				C832F44820EA2B3F003229D4 /* Resources */,
				6BE0EFEE31214AA70BE4FEFA /* [CP] Embed Pods Frameworks */,
				787072EE8C2D536724ADE05D /* [CP] Copy Pods Resources */,
			);
			buildRules = (
			);
			dependencies = (
			);
			name = ExRxSwift;
			productName = ExRxSwift;
			productReference = C832F44A20EA2B3F003229D4 /* ExRxSwift.app */;
			productType = "com.apple.product-type.application";
		};
/* End PBXNativeTarget section */

/* Begin PBXProject section */
		C832F44220EA2B3F003229D4 /* Project object */ = {
			isa = PBXProject;
			attributes = {
				LastSwiftUpdateCheck = 0920;
				LastUpgradeCheck = 0920;
				ORGANIZATIONNAME = muhlenXi;
				TargetAttributes = {
					C832F44920EA2B3F003229D4 = {
						CreatedOnToolsVersion = 9.2;
						ProvisioningStyle = Automatic;
					};
				};
			};
			buildConfigurationList = C832F44520EA2B3F003229D4 /* Build configuration list for PBXProject "ExRxSwift" */;
			compatibilityVersion = "Xcode 8.0";
			developmentRegion = en;
			hasScannedForEncodings = 0;
			knownRegions = (
				en,
				Base,
			);
			mainGroup = C832F44120EA2B3F003229D4;
			productRefGroup = C832F44B20EA2B3F003229D4 /* Products */;
			projectDirPath = "";
			projectRoot = "";
			targets = (
				C832F44920EA2B3F003229D4 /* ExRxSwift */,
			);
		};
/* End PBXProject section */

/* Begin PBXResourcesBuildPhase section */
		C832F44820EA2B3F003229D4 /* Resources */ = {
			isa = PBXResourcesBuildPhase;
			buildActionMask = 2147483647;
			files = (
				C832F45820EA2B3F003229D4 /* LaunchScreen.storyboard in Resources */,
				C832F45520EA2B3F003229D4 /* Assets.xcassets in Resources */,
				C832F45320EA2B3F003229D4 /* Main.storyboard in Resources */,
			);
			runOnlyForDeploymentPostprocessing = 0;
		};
/* End PBXResourcesBuildPhase section */

/* Begin PBXShellScriptBuildPhase section */
		6BE0EFEE31214AA70BE4FEFA /* [CP] Embed Pods Frameworks */ = {
			isa = PBXShellScriptBuildPhase;
			buildActionMask = 2147483647;
			files = (
			);
			inputPaths = (
				"${SRCROOT}/Pods/Target Support Files/Pods-ExRxSwift/Pods-ExRxSwift-frameworks.sh",
				"${BUILT_PRODUCTS_DIR}/RxCocoa/RxCocoa.framework",
				"${BUILT_PRODUCTS_DIR}/RxSwift/RxSwift.framework",
			);
			name = "[CP] Embed Pods Frameworks";
			outputPaths = (
				"${TARGET_BUILD_DIR}/${FRAMEWORKS_FOLDER_PATH}/RxCocoa.framework",
				"${TARGET_BUILD_DIR}/${FRAMEWORKS_FOLDER_PATH}/RxSwift.framework",
			);
			runOnlyForDeploymentPostprocessing = 0;
			shellPath = /bin/sh;
			shellScript = "\"${SRCROOT}/Pods/Target Support Files/Pods-ExRxSwift/Pods-ExRxSwift-frameworks.sh\"\n";
			showEnvVarsInLog = 0;
		};
		787072EE8C2D536724ADE05D /* [CP] Copy Pods Resources */ = {
			isa = PBXShellScriptBuildPhase;
			buildActionMask = 2147483647;
			files = (
			);
			inputPaths = (
			);
			name = "[CP] Copy Pods Resources";
			outputPaths = (
			);
			runOnlyForDeploymentPostprocessing = 0;
			shellPath = /bin/sh;
			shellScript = "\"${SRCROOT}/Pods/Target Support Files/Pods-ExRxSwift/Pods-ExRxSwift-resources.sh\"\n";
			showEnvVarsInLog = 0;
		};
		F89F3D056B024F6103DD38A2 /* [CP] Check Pods Manifest.lock */ = {
			isa = PBXShellScriptBuildPhase;
			buildActionMask = 2147483647;
			files = (
			);
			inputPaths = (
				"${PODS_PODFILE_DIR_PATH}/Podfile.lock",
				"${PODS_ROOT}/Manifest.lock",
			);
			name = "[CP] Check Pods Manifest.lock";
			outputPaths = (
				"$(DERIVED_FILE_DIR)/Pods-ExRxSwift-checkManifestLockResult.txt",
			);
			runOnlyForDeploymentPostprocessing = 0;
			shellPath = /bin/sh;
			shellScript = "diff \"${PODS_PODFILE_DIR_PATH}/Podfile.lock\" \"${PODS_ROOT}/Manifest.lock\" > /dev/null\nif [ $? != 0 ] ; then\n    # print error to STDERR\n    echo \"error: The sandbox is not in sync with the Podfile.lock. Run 'pod install' or update your CocoaPods installation.\" >&2\n    exit 1\nfi\n# This output is used by Xcode 'outputs' to avoid re-running this script phase.\necho \"SUCCESS\" > \"${SCRIPT_OUTPUT_FILE_0}\"\n";
			showEnvVarsInLog = 0;
		};
/* End PBXShellScriptBuildPhase section */

/* Begin PBXSourcesBuildPhase section */
		C832F44620EA2B3F003229D4 /* Sources */ = {
			isa = PBXSourcesBuildPhase;
			buildActionMask = 2147483647;
			files = (
				C832F45020EA2B3F003229D4 /* ViewController.swift in Sources */,
				C832F44E20EA2B3F003229D4 /* AppDelegate.swift in Sources */,
			);
			runOnlyForDeploymentPostprocessing = 0;
		};
/* End PBXSourcesBuildPhase section */

/* Begin PBXVariantGroup section */
		C832F45120EA2B3F003229D4 /* Main.storyboard */ = {
			isa = PBXVariantGroup;
			children = (
				C832F45220EA2B3F003229D4 /* Base */,
			);
			name = Main.storyboard;
			sourceTree = "<group>";
		};
		C832F45620EA2B3F003229D4 /* LaunchScreen.storyboard */ = {
			isa = PBXVariantGroup;
			children = (
				C832F45720EA2B3F003229D4 /* Base */,
			);
			name = LaunchScreen.storyboard;
			sourceTree = "<group>";
		};
/* End PBXVariantGroup section */

/* Begin XCBuildConfiguration section */
		C832F45A20EA2B3F003229D4 /* Debug */ = {
			isa = XCBuildConfiguration;
			buildSettings = {
				ALWAYS_SEARCH_USER_PATHS = NO;
				CLANG_ANALYZER_NONNULL = YES;
				CLANG_ANALYZER_NUMBER_OBJECT_CONVERSION = YES_AGGRESSIVE;
				CLANG_CXX_LANGUAGE_STANDARD = "gnu++14";
				CLANG_CXX_LIBRARY = "libc++";
				CLANG_ENABLE_MODULES = YES;
				CLANG_ENABLE_OBJC_ARC = YES;
				CLANG_WARN_BLOCK_CAPTURE_AUTORELEASING = YES;
				CLANG_WARN_BOOL_CONVERSION = YES;
				CLANG_WARN_COMMA = YES;
				CLANG_WARN_CONSTANT_CONVERSION = YES;
				CLANG_WARN_DIRECT_OBJC_ISA_USAGE = YES_ERROR;
				CLANG_WARN_DOCUMENTATION_COMMENTS = YES;
				CLANG_WARN_EMPTY_BODY = YES;
				CLANG_WARN_ENUM_CONVERSION = YES;
				CLANG_WARN_INFINITE_RECURSION = YES;
				CLANG_WARN_INT_CONVERSION = YES;
				CLANG_WARN_NON_LITERAL_NULL_CONVERSION = YES;
				CLANG_WARN_OBJC_LITERAL_CONVERSION = YES;
				CLANG_WARN_OBJC_ROOT_CLASS = YES_ERROR;
				CLANG_WARN_RANGE_LOOP_ANALYSIS = YES;
				CLANG_WARN_STRICT_PROTOTYPES = YES;
				CLANG_WARN_SUSPICIOUS_MOVE = YES;
				CLANG_WARN_UNGUARDED_AVAILABILITY = YES_AGGRESSIVE;
				CLANG_WARN_UNREACHABLE_CODE = YES;
				CLANG_WARN__DUPLICATE_METHOD_MATCH = YES;
				CODE_SIGN_IDENTITY = "iPhone Developer";
				COPY_PHASE_STRIP = NO;
				DEBUG_INFORMATION_FORMAT = dwarf;
				ENABLE_STRICT_OBJC_MSGSEND = YES;
				ENABLE_TESTABILITY = YES;
				GCC_C_LANGUAGE_STANDARD = gnu11;
				GCC_DYNAMIC_NO_PIC = NO;
				GCC_NO_COMMON_BLOCKS = YES;
				GCC_OPTIMIZATION_LEVEL = 0;
				GCC_PREPROCESSOR_DEFINITIONS = (
					"DEBUG=1",
					"$(inherited)",
				);
				GCC_WARN_64_TO_32_BIT_CONVERSION = YES;
				GCC_WARN_ABOUT_RETURN_TYPE = YES_ERROR;
				GCC_WARN_UNDECLARED_SELECTOR = YES;
				GCC_WARN_UNINITIALIZED_AUTOS = YES_AGGRESSIVE;
				GCC_WARN_UNUSED_FUNCTION = YES;
				GCC_WARN_UNUSED_VARIABLE = YES;
				IPHONEOS_DEPLOYMENT_TARGET = 11.2;
				MTL_ENABLE_DEBUG_INFO = YES;
				ONLY_ACTIVE_ARCH = YES;
				SDKROOT = iphoneos;
				SWIFT_ACTIVE_COMPILATION_CONDITIONS = DEBUG;
				SWIFT_OPTIMIZATION_LEVEL = "-Onone";
			};
			name = Debug;
		};
		C832F45B20EA2B3F003229D4 /* Release */ = {
			isa = XCBuildConfiguration;
			buildSettings = {
				ALWAYS_SEARCH_USER_PATHS = NO;
				CLANG_ANALYZER_NONNULL = YES;
				CLANG_ANALYZER_NUMBER_OBJECT_CONVERSION = YES_AGGRESSIVE;
				CLANG_CXX_LANGUAGE_STANDARD = "gnu++14";
				CLANG_CXX_LIBRARY = "libc++";
				CLANG_ENABLE_MODULES = YES;
				CLANG_ENABLE_OBJC_ARC = YES;
				CLANG_WARN_BLOCK_CAPTURE_AUTORELEASING = YES;
				CLANG_WARN_BOOL_CONVERSION = YES;
				CLANG_WARN_COMMA = YES;
				CLANG_WARN_CONSTANT_CONVERSION = YES;
				CLANG_WARN_DIRECT_OBJC_ISA_USAGE = YES_ERROR;
				CLANG_WARN_DOCUMENTATION_COMMENTS = YES;
				CLANG_WARN_EMPTY_BODY = YES;
				CLANG_WARN_ENUM_CONVERSION = YES;
				CLANG_WARN_INFINITE_RECURSION = YES;
				CLANG_WARN_INT_CONVERSION = YES;
				CLANG_WARN_NON_LITERAL_NULL_CONVERSION = YES;
				CLANG_WARN_OBJC_LITERAL_CONVERSION = YES;
				CLANG_WARN_OBJC_ROOT_CLASS = YES_ERROR;
				CLANG_WARN_RANGE_LOOP_ANALYSIS = YES;
				CLANG_WARN_STRICT_PROTOTYPES = YES;
				CLANG_WARN_SUSPICIOUS_MOVE = YES;
				CLANG_WARN_UNGUARDED_AVAILABILITY = YES_AGGRESSIVE;
				CLANG_WARN_UNREACHABLE_CODE = YES;
				CLANG_WARN__DUPLICATE_METHOD_MATCH = YES;
				CODE_SIGN_IDENTITY = "iPhone Developer";
				COPY_PHASE_STRIP = NO;
				DEBUG_INFORMATION_FORMAT = "dwarf-with-dsym";
				ENABLE_NS_ASSERTIONS = NO;
				ENABLE_STRICT_OBJC_MSGSEND = YES;
				GCC_C_LANGUAGE_STANDARD = gnu11;
				GCC_NO_COMMON_BLOCKS = YES;
				GCC_WARN_64_TO_32_BIT_CONVERSION = YES;
				GCC_WARN_ABOUT_RETURN_TYPE = YES_ERROR;
				GCC_WARN_UNDECLARED_SELECTOR = YES;
				GCC_WARN_UNINITIALIZED_AUTOS = YES_AGGRESSIVE;
				GCC_WARN_UNUSED_FUNCTION = YES;
				GCC_WARN_UNUSED_VARIABLE = YES;
				IPHONEOS_DEPLOYMENT_TARGET = 11.2;
				MTL_ENABLE_DEBUG_INFO = NO;
				SDKROOT = iphoneos;
				SWIFT_OPTIMIZATION_LEVEL = "-Owholemodule";
				VALIDATE_PRODUCT = YES;
			};
			name = Release;
		};
		C832F45D20EA2B3F003229D4 /* Debug */ = {
			isa = XCBuildConfiguration;
			baseConfigurationReference = 1627C0A29F8CA8307D81DCDD /* Pods-ExRxSwift.debug.xcconfig */;
			buildSettings = {
				ASSETCATALOG_COMPILER_APPICON_NAME = AppIcon;
				CODE_SIGN_STYLE = Automatic;
				DEVELOPMENT_TEAM = R2GT9E6353;
				INFOPLIST_FILE = ExRxSwift/Info.plist;
				IPHONEOS_DEPLOYMENT_TARGET = 9.0;
				LD_RUNPATH_SEARCH_PATHS = "$(inherited) @executable_path/Frameworks";
				PRODUCT_BUNDLE_IDENTIFIER = com.muhlenxi.ExRxSwift;
				PRODUCT_NAME = "$(TARGET_NAME)";
				SWIFT_VERSION = 4.0;
				TARGETED_DEVICE_FAMILY = "1,2";
			};
			name = Debug;
		};
		C832F45E20EA2B3F003229D4 /* Release */ = {
			isa = XCBuildConfiguration;
			baseConfigurationReference = 65CD589B830D609CD9ADB332 /* Pods-ExRxSwift.release.xcconfig */;
			buildSettings = {
				ASSETCATALOG_COMPILER_APPICON_NAME = AppIcon;
				CODE_SIGN_STYLE = Automatic;
				DEVELOPMENT_TEAM = R2GT9E6353;
				INFOPLIST_FILE = ExRxSwift/Info.plist;
				IPHONEOS_DEPLOYMENT_TARGET = 9.0;
				LD_RUNPATH_SEARCH_PATHS = "$(inherited) @executable_path/Frameworks";
				PRODUCT_BUNDLE_IDENTIFIER = com.muhlenxi.ExRxSwift;
				PRODUCT_NAME = "$(TARGET_NAME)";
				SWIFT_VERSION = 4.0;
				TARGETED_DEVICE_FAMILY = "1,2";
			};
			name = Release;
		};
/* End XCBuildConfiguration section */

/* Begin XCConfigurationList section */
		C832F44520EA2B3F003229D4 /* Build configuration list for PBXProject "ExRxSwift" */ = {
			isa = XCConfigurationList;
			buildConfigurations = (
				C832F45A20EA2B3F003229D4 /* Debug */,
				C832F45B20EA2B3F003229D4 /* Release */,
			);
			defaultConfigurationIsVisible = 0;
			defaultConfigurationName = Release;
		};
		C832F45C20EA2B3F003229D4 /* Build configuration list for PBXNativeTarget "ExRxSwift" */ = {
			isa = XCConfigurationList;
			buildConfigurations = (
				C832F45D20EA2B3F003229D4 /* Debug */,
				C832F45E20EA2B3F003229D4 /* Release */,
			);
			defaultConfigurationIsVisible = 0;
			defaultConfigurationName = Release;
		};
/* End XCConfigurationList section */
	};
	rootObject = C832F44220EA2B3F003229D4 /* Project object */;
}
